{
    "_meta": {
        "hash": {
            "sha256": "bb160e4efb12a8f42bbb6d6d341b6bce12b07a8c338248a0fcf48e26bcd4b401"
        },
        "pipfile-spec": 6,
        "requires": {
            "python_version": "3.10"
        },
        "sources": [
            {
                "name": "pypi",
                "url": "https://pypi.org/simple",
                "verify_ssl": true
            }
        ]
    },
    "default": {
        "heapdict": {
            "hashes": [
                "sha256:6065f90933ab1bb7e50db403b90cab653c853690c5992e69294c2de2b253fc92",
                "sha256:8495f57b3e03d8e46d5f1b2cc62ca881aca392fd5cc048dc0aa2e1a6d23ecdb6"
            ],
            "version": "==1.0.1"
        },
        "numpy": {
            "hashes": [
                "sha256:0791fbd1e43bf74b3502133207e378901272f3c156c4df4954cad833b1380207",
                "sha256:1ce7ab2053e36c0a71e7a13a7475bd3b1f54750b4b433adc96313e127b870887",
                "sha256:2d487e06ecbf1dc2f18e7efce82ded4f705f4bd0cd02677ffccfb39e5c284c7e",
                "sha256:37431a77ceb9307c28382c9773da9f306435135fae6b80b62a11c53cfedd8802",
                "sha256:3e1ffa4748168e1cc8d3cde93f006fe92b5421396221a02f2274aab6ac83b077",
                "sha256:425b390e4619f58d8526b3dcf656dde069133ae5c240229821f01b5f44ea07af",
                "sha256:43a8ca7391b626b4c4fe20aefe79fec683279e31e7c79716863b4b25021e0e74",
                "sha256:4c6036521f11a731ce0648f10c18ae66d7143865f19f7299943c985cdc95afb5",
                "sha256:59d55e634968b8f77d3fd674a3cf0b96e85147cd6556ec64ade018f27e9479e1",
                "sha256:64f56fc53a2d18b1924abd15745e30d82a5782b2cab3429aceecc6875bd5add0",
                "sha256:7228ad13744f63575b3a972d7ee4fd61815b2879998e70930d4ccf9ec721dce0",
                "sha256:9ce7df0abeabe7fbd8ccbf343dc0db72f68549856b863ae3dd580255d009648e",
                "sha256:a911e317e8c826ea632205e63ed8507e0dc877dcdc49744584dfc363df9ca08c",
                "sha256:b89bf9b94b3d624e7bb480344e91f68c1c6c75f026ed6755955117de00917a7c",
                "sha256:ba9ead61dfb5d971d77b6c131a9dbee62294a932bf6a356e48c75ae684e635b3",
                "sha256:c1d937820db6e43bec43e8d016b9b3165dcb42892ea9f106c70fb13d430ffe72",
                "sha256:cc7f00008eb7d3f2489fca6f334ec19ca63e31371be28fd5dad955b16ec285bd",
                "sha256:d4c5d5eb2ec8da0b4f50c9a843393971f31f1d60be87e0fb0917a49133d257d6",
                "sha256:e96d7f3096a36c8754207ab89d4b3282ba7b49ea140e4973591852c77d09eb76",
                "sha256:f0725df166cf4785c0bc4cbfb320203182b1ecd30fee6e541c8752a92df6aa32",
                "sha256:f3eb268dbd5cfaffd9448113539e44e2dd1c5ca9ce25576f7c04a5453edc26fa",
                "sha256:fb7a980c81dd932381f8228a426df8aeb70d59bbcda2af075b627bbc50207cba"
            ],
            "index": "pypi",
            "markers": "python_version >= '3.7'",
            "version": "==1.22.4"
        },
        "opencv-contrib-python": {
            "hashes": [
                "sha256:641ca83b34a9d3e8ef2da70533c6e4e3f076ffb0db69b963d82899cc53e9b3c2",
                "sha256:698c6b6203831f6573e04258be197e3bfde97fb7279fb614e39d75a8bd5818fb",
                "sha256:8cad628ea6cc493f6c56140d7edc86f7ed8de528e18e44311e42b390a7d9996e",
                "sha256:ab33fa2385ec7e70b9d484293f6f1f3707933045af4d18bb3b0a0290fa44370f",
                "sha256:b54c2e8bb636e367d29bde48fae2aa52c43b782265cf65838a1fe852006cdd94",
                "sha256:d1fef5ae16dfa73022749165e029e85eb0f399503470c0df1f84c95633f4ae52",
                "sha256:fefc5f7f1eef3125f78242afe5c989057b36c2f015619698c741b04f4503f913"
            ],
            "index": "pypi",
            "version": "==4.7.0.72"
        },
        "opencv-proto": {
            "hashes": [
                "sha256:29a40f62aab66b3810a8c25489c3f03d06517dd6438248df0d7a902fc40cf5af",
                "sha256:f16d7861d396c271f32ea5f382795a32407e4f5e3925521b587d65b60e8b9a66"
            ],
            "index": "pypi",
            "version": "==0.3.0"
        },
        "opencv-python": {
            "hashes": [
                "sha256:3424794a711f33284581f3c1e4b071cfc827d02b99d6fd9a35391f517c453306",
                "sha256:7a297e7651e22eb17c265ddbbc80e2ba2a8ff4f4a1696a67c45e5f5798245842",
                "sha256:812af57553ec1c6709060c63f6b7e9ad07ddc0f592f3ccc6d00c71e0fe0e6376",
                "sha256:cd08343654c6b88c5a8c25bf425f8025aed2e3189b4d7306b5861d32affaf737",
                "sha256:d4f8880440c433a0025d78804dda6901d1e8e541a561dda66892d90290aef881",
                "sha256:ebfc0a3a2f57716e709028b992e4de7fd8752105d7a768531c4f434043c6f9ff",
                "sha256:eda115797b114fc16ca6f182b91c5d984f0015c19bec3145e55d33d708e9bae1"
            ],
            "markers": "python_version >= '3.6'",
            "version": "==4.7.0.72"
        },
        "setuptools": {
            "hashes": [
                "sha256:23aaf86b85ca52ceb801d32703f12d77517b2556af839621c641fca11287952b",
                "sha256:f104fa03692a2602fa0fec6c6a9e63b6c8a968de13e17c026957dd1f53d80990"
            ],
            "markers": "python_version >= '3.7'",
            "version": "==67.7.2"
        },
        "six": {
            "hashes": [
                "sha256:1e61c37477a1626458e36f7b1d82aa5c9b094fa4802892072e49de9c60c4c926",
                "sha256:8abb2f1d86890a2dfb989f9a77cfcfd3e47c2a354b01111771326f8aa26e0254"
            ],
            "markers": "python_version >= '2.7' and python_version not in '3.0, 3.1, 3.2, 3.3'",
            "version": "==1.16.0"
        },
        "streamz": {
            "hashes": [
                "sha256:5577d6904c2ec489c14154095772105e01954648819987d464204c6e3c9634f3",
                "sha256:d0d9daac7d2f1213f56673eba654afb4b4784750c2589aa180460b816410ed4a"
            ],
            "markers": "python_version >= '3.7'",
            "version": "==0.6.4"
        },
        "streamz-opencv": {
            "hashes": [
                "sha256:f4a45ce643ea3633ad74ae4fc2cd290befb5eedb38e8a70ab727408a988a48b9"
            ],
            "index": "pypi",
            "version": "==0.1.1"
        },
        "toolz": {
            "hashes": [
                "sha256:2059bd4148deb1884bb0eb770a3cde70e7f954cfbbdc2285f1f2de01fd21eb6f",
                "sha256:88c570861c440ee3f2f6037c4654613228ff40c93a6c25e0eba70d17282c6194"
            ],
            "markers": "python_version >= '3.5'",
            "version": "==0.12.0"
        },
        "tornado": {
            "hashes": [
                "sha256:1285f0691143f7ab97150831455d4db17a267b59649f7bd9700282cba3d5e771",
                "sha256:3455133b9ff262fd0a75630af0a8ee13564f25fb4fd3d9ce239b8a7d3d027bf8",
                "sha256:5e2f49ad371595957c50e42dd7e5c14d64a6843a3cf27352b69c706d1b5918af",
                "sha256:81c17e0cc396908a5e25dc8e9c5e4936e6dfd544c9290be48bd054c79bcad51e",
                "sha256:90f569a35a8ec19bde53aa596952071f445da678ec8596af763b9b9ce07605e6",
                "sha256:9661aa8bc0e9d83d757cd95b6f6d1ece8ca9fd1ccdd34db2de381e25bf818233",
                "sha256:a27a1cfa9997923f80bdd962b3aab048ac486ad8cfb2f237964f8ab7f7eb824b",
                "sha256:b4e7b956f9b5e6f9feb643ea04f07e7c6b49301e03e0023eedb01fa8cf52f579",
                "sha256:d7117f3c7ba5d05813b17a1f04efc8e108a1b811ccfddd9134cc68553c414864",
                "sha256:db181eb3df8738613ff0a26f49e1b394aade05034b01200a63e9662f347d4415",
                "sha256:ffdce65a281fd708da5a9def3bfb8f364766847fa7ed806821a69094c9629e8a"
            ],
            "markers": "python_version >= '3.8'",
            "version": "==6.3.1"
        },
        "zict": {
            "hashes": [
                "sha256:5796e36bd0e0cc8cf0fbc1ace6a68912611c1dbd74750a3f3026b9b9d6a327ae",
                "sha256:e321e263b6a97aafc0790c3cfb3c04656b7066e6738c37fffcca95d803c9fba5"
            ],
            "markers": "python_version >= '3.8'",
            "version": "==3.0.0"
        }
    },
    "develop": {
        "autopep8": {
            "hashes": [
                "sha256:86e9303b5e5c8160872b2f5ef611161b2893e9bfe8ccc7e2f76385947d57a2f1",
                "sha256:f9849cdd62108cb739dbcdbfb7fdcc9a30d1b63c4cc3e1c1f893b5360941b61c"
            ],
            "index": "pypi",
            "version": "==2.0.2"
        },
        "pycodestyle": {
            "hashes": [
                "sha256:347187bdb476329d98f695c213d7295a846d1152ff4fe9bacb8a9590b8ee7053",
                "sha256:8a4eaf0d0495c7395bdab3589ac2db602797d76207242c17d470186815706610"
            ],
            "markers": "python_version >= '3.6'",
            "version": "==2.10.0"
        },
        "tomli": {
            "hashes": [
                "sha256:939de3e7a6161af0c887ef91b7d41a53e7c5a1ca976325f429cb46ea9bc30ecc",
                "sha256:de526c12914f0c550d15924c62d72abc48d6fe7364aa87328337a31007fe8a4f"
            ],
            "markers": "python_version < '3.11'",
            "version": "==2.0.1"
        }
    }
}
